
Microsoft Visual Studio Solution File, Format Version 12.00
# Visual Studio Version 17
VisualStudioVersion = 17.8.34511.84
MinimumVisualStudioVersion = 10.0.40219.1
Project("{8BC9CEB8-8B4A-11D0-8D11-00A0C91BC942}") = "MuSoeunEngine", "MuSoeunEngine\MuSoeunEngine.vcxproj", "{50AB77DB-9BB2-4931-837E-6413E05EEF28}"
EndProject
Project("{8BC9CEB8-8B4A-11D0-8D11-00A0C91BC942}") = "Lecture03", "Lecture03\Lecture03.vcxproj", "{42DE8EAB-C1CC-4E20-A45B-C9B45D04C68B}"
EndProject
Project("{8BC9CEB8-8B4A-11D0-8D11-00A0C91BC942}") = "Lecture03-1", "Lecture03-1\Lecture03-1.vcxproj", "{033D7BCE-8280-4248-82C2-339C65600DC0}"
EndProject
Project("{8BC9CEB8-8B4A-11D0-8D11-00A0C91BC942}") = "Lecture04", "Lecture04\Lecture04.vcxproj", "{7599954D-0B22-408A-9C6E-6BEC46B74FA6}"
EndProject
Project("{8BC9CEB8-8B4A-11D0-8D11-00A0C91BC942}") = "Lecture05", "Lecture05\Lecture05.vcxproj", "{E07D1110-EC2F-4CDB-A262-ADA5F0157D52}"
EndProject
Project("{8BC9CEB8-8B4A-11D0-8D11-00A0C91BC942}") = "Lecture06", "Lecture06\Lecture06.vcxproj", "{64DADF1D-EC12-4985-AC29-7E1C9CA847F5}"
EndProject
Project("{8BC9CEB8-8B4A-11D0-8D11-00A0C91BC942}") = "Lecture07", "Lecture07\Lecture07.vcxproj", "{A50E6A85-F576-4F77-8036-A8B08B89B3AA}"
EndProject
Global
	GlobalSection(SolutionConfigurationPlatforms) = preSolution
		Debug|x64 = Debug|x64
		Debug|x86 = Debug|x86
		Release|x64 = Release|x64
		Release|x86 = Release|x86
	EndGlobalSection
	GlobalSection(ProjectConfigurationPlatforms) = postSolution
		{50AB77DB-9BB2-4931-837E-6413E05EEF28}.Debug|x64.ActiveCfg = Debug|x64
		{50AB77DB-9BB2-4931-837E-6413E05EEF28}.Debug|x64.Build.0 = Debug|x64
		{50AB77DB-9BB2-4931-837E-6413E05EEF28}.Debug|x86.ActiveCfg = Debug|Win32
		{50AB77DB-9BB2-4931-837E-6413E05EEF28}.Debug|x86.Build.0 = Debug|Win32
		{50AB77DB-9BB2-4931-837E-6413E05EEF28}.Release|x64.ActiveCfg = Release|x64
		{50AB77DB-9BB2-4931-837E-6413E05EEF28}.Release|x64.Build.0 = Release|x64
		{50AB77DB-9BB2-4931-837E-6413E05EEF28}.Release|x86.ActiveCfg = Release|Win32
		{50AB77DB-9BB2-4931-837E-6413E05EEF28}.Release|x86.Build.0 = Release|Win32
		{42DE8EAB-C1CC-4E20-A45B-C9B45D04C68B}.Debug|x64.ActiveCfg = Debug|x64
		{42DE8EAB-C1CC-4E20-A45B-C9B45D04C68B}.Debug|x64.Build.0 = Debug|x64
		{42DE8EAB-C1CC-4E20-A45B-C9B45D04C68B}.Debug|x86.ActiveCfg = Debug|Win32
		{42DE8EAB-C1CC-4E20-A45B-C9B45D04C68B}.Debug|x86.Build.0 = Debug|Win32
		{42DE8EAB-C1CC-4E20-A45B-C9B45D04C68B}.Release|x64.ActiveCfg = Release|x64
		{42DE8EAB-C1CC-4E20-A45B-C9B45D04C68B}.Release|x64.Build.0 = Release|x64
		{42DE8EAB-C1CC-4E20-A45B-C9B45D04C68B}.Release|x86.ActiveCfg = Release|Win32
		{42DE8EAB-C1CC-4E20-A45B-C9B45D04C68B}.Release|x86.Build.0 = Release|Win32
		{033D7BCE-8280-4248-82C2-339C65600DC0}.Debug|x64.ActiveCfg = Debug|x64
		{033D7BCE-8280-4248-82C2-339C65600DC0}.Debug|x64.Build.0 = Debug|x64
		{033D7BCE-8280-4248-82C2-339C65600DC0}.Debug|x86.ActiveCfg = Debug|Win32
		{033D7BCE-8280-4248-82C2-339C65600DC0}.Debug|x86.Build.0 = Debug|Win32
		{033D7BCE-8280-4248-82C2-339C65600DC0}.Release|x64.ActiveCfg = Release|x64
		{033D7BCE-8280-4248-82C2-339C65600DC0}.Release|x64.Build.0 = Release|x64
		{033D7BCE-8280-4248-82C2-339C65600DC0}.Release|x86.ActiveCfg = Release|Win32
		{033D7BCE-8280-4248-82C2-339C65600DC0}.Release|x86.Build.0 = Release|Win32
		{7599954D-0B22-408A-9C6E-6BEC46B74FA6}.Debug|x64.ActiveCfg = Debug|x64
		{7599954D-0B22-408A-9C6E-6BEC46B74FA6}.Debug|x64.Build.0 = Debug|x64
		{7599954D-0B22-408A-9C6E-6BEC46B74FA6}.Debug|x86.ActiveCfg = Debug|Win32
		{7599954D-0B22-408A-9C6E-6BEC46B74FA6}.Debug|x86.Build.0 = Debug|Win32
		{7599954D-0B22-408A-9C6E-6BEC46B74FA6}.Release|x64.ActiveCfg = Release|x64
		{7599954D-0B22-408A-9C6E-6BEC46B74FA6}.Release|x64.Build.0 = Release|x64
		{7599954D-0B22-408A-9C6E-6BEC46B74FA6}.Release|x86.ActiveCfg = Release|Win32
		{7599954D-0B22-408A-9C6E-6BEC46B74FA6}.Release|x86.Build.0 = Release|Win32
		{E07D1110-EC2F-4CDB-A262-ADA5F0157D52}.Debug|x64.ActiveCfg = Debug|x64
		{E07D1110-EC2F-4CDB-A262-ADA5F0157D52}.Debug|x64.Build.0 = Debug|x64
		{E07D1110-EC2F-4CDB-A262-ADA5F0157D52}.Debug|x86.ActiveCfg = Debug|Win32
		{E07D1110-EC2F-4CDB-A262-ADA5F0157D52}.Debug|x86.Build.0 = Debug|Win32
		{E07D1110-EC2F-4CDB-A262-ADA5F0157D52}.Release|x64.ActiveCfg = Release|x64
		{E07D1110-EC2F-4CDB-A262-ADA5F0157D52}.Release|x64.Build.0 = Release|x64
		{E07D1110-EC2F-4CDB-A262-ADA5F0157D52}.Release|x86.ActiveCfg = Release|Win32
		{E07D1110-EC2F-4CDB-A262-ADA5F0157D52}.Release|x86.Build.0 = Release|Win32
		{64DADF1D-EC12-4985-AC29-7E1C9CA847F5}.Debug|x64.ActiveCfg = Debug|x64
		{64DADF1D-EC12-4985-AC29-7E1C9CA847F5}.Debug|x64.Build.0 = Debug|x64
		{64DADF1D-EC12-4985-AC29-7E1C9CA847F5}.Debug|x86.ActiveCfg = Debug|Win32
		{64DADF1D-EC12-4985-AC29-7E1C9CA847F5}.Debug|x86.Build.0 = Debug|Win32
		{64DADF1D-EC12-4985-AC29-7E1C9CA847F5}.Release|x64.ActiveCfg = Release|x64
		{64DADF1D-EC12-4985-AC29-7E1C9CA847F5}.Release|x64.Build.0 = Release|x64
		{64DADF1D-EC12-4985-AC29-7E1C9CA847F5}.Release|x86.ActiveCfg = Release|Win32
		{64DADF1D-EC12-4985-AC29-7E1C9CA847F5}.Release|x86.Build.0 = Release|Win32
		{A50E6A85-F576-4F77-8036-A8B08B89B3AA}.Debug|x64.ActiveCfg = Debug|x64
		{A50E6A85-F576-4F77-8036-A8B08B89B3AA}.Debug|x64.Build.0 = Debug|x64
		{A50E6A85-F576-4F77-8036-A8B08B89B3AA}.Debug|x86.ActiveCfg = Debug|Win32
		{A50E6A85-F576-4F77-8036-A8B08B89B3AA}.Debug|x86.Build.0 = Debug|Win32
		{A50E6A85-F576-4F77-8036-A8B08B89B3AA}.Release|x64.ActiveCfg = Release|x64
		{A50E6A85-F576-4F77-8036-A8B08B89B3AA}.Release|x64.Build.0 = Release|x64
		{A50E6A85-F576-4F77-8036-A8B08B89B3AA}.Release|x86.ActiveCfg = Release|Win32
		{A50E6A85-F576-4F77-8036-A8B08B89B3AA}.Release|x86.Build.0 = Release|Win32
	EndGlobalSection
	GlobalSection(SolutionProperties) = preSolution
		HideSolutionNode = FALSE
	EndGlobalSection
	GlobalSection(ExtensibilityGlobals) = postSolution
		SolutionGuid = {F14DBB61-0A25-4620-86B7-1987160BC28A}
	EndGlobalSection
EndGlobal
